{
  "originHash" : "16e4cddbaf75e848ad3ac80dcc3f7e918e4903a2ca7b98159ae87ad894a2a772",
  "pins" : [
    {
      "identity" : "raylib",
      "kind" : "remoteSourceControl",
      "location" : "https://github.com/STREGAsGate/Raylib.git",
      "state" : {
        "branch" : "master",
        "revision" : "9e7c83604f74211e4f8f3c38c1c52d4434f51bc1"
      }
    }
  ],
  "version" : 3
}
